
Microsoft Visual Studio Solution File, Format Version 12.00
Project("{2150E333-8FDC-42A3-9474-1A3956D46DE8}") = "src", "src", "{7F85CEC3-3F2D-4B8D-B4F0-3506CF533024}"
EndProject
Project("{2150E333-8FDC-42A3-9474-1A3956D46DE8}") = "_globals", "_globals", "{2A1E6F4A-47BA-4B99-B6EB-D34C30B75DDF}"
	ProjectSection(SolutionItems) = preProject
		global.json = global.json
		.editorconfig = .editorconfig
		nuget-pack.sh = nuget-pack.sh
		README.md = README.md
		Directory.Build.targets = Directory.Build.targets
	EndProjectSection
EndProject
Project("{2150E333-8FDC-42A3-9474-1A3956D46DE8}") = "Xml", "Xml", "{F30F6269-7029-473C-BF71-2A77CFC46C8C}"
EndProject
Project("{2150E333-8FDC-42A3-9474-1A3956D46DE8}") = "ValueObjects", "ValueObjects", "{5DFE9850-6112-460A-8D7B-6CAF2A478FA0}"
EndProject
Project("{FAE04EC0-301F-11D3-BF4B-00C04F79EFBC}") = "ValueObjects", "src\ValueObjects\ValueObjects\ValueObjects.csproj", "{516175A8-D959-4438-9787-01611127C4C4}"
EndProject
Project("{FAE04EC0-301F-11D3-BF4B-00C04F79EFBC}") = "Generator", "src\ValueObjects\Generator\Generator.csproj", "{081FEC3C-ABBE-4291-89DA-7A92751C9BA2}"
EndProject
Project("{FAE04EC0-301F-11D3-BF4B-00C04F79EFBC}") = "ValueObjects.SystemTextJson", "src\ValueObjects\ValueObjects.SystemTextJson\ValueObjects.SystemTextJson.csproj", "{234C7ED9-D91C-49E7-9C25-5081585C7DA1}"
EndProject
Project("{FAE04EC0-301F-11D3-BF4B-00C04F79EFBC}") = "PerfXml", "src\Xml\PerfXml\PerfXml.csproj", "{4B675B5C-7C6F-4592-9403-614A4AD88B64}"
EndProject
Project("{FAE04EC0-301F-11D3-BF4B-00C04F79EFBC}") = "PerfXml.Generator", "src\Xml\PerfXml.Generator\PerfXml.Generator.csproj", "{483B296B-AD98-4572-99EC-F077B795A1BB}"
EndProject
Project("{2150E333-8FDC-42A3-9474-1A3956D46DE8}") = "Shared", "Shared", "{AE8AE9FC-CD54-4660-A4AF-2CE70A5C4A0A}"
EndProject
Project("{FAE04EC0-301F-11D3-BF4B-00C04F79EFBC}") = "SourceGeneration", "src\Shared\SourceGeneration\SourceGeneration.csproj", "{2A260FE2-723B-4737-9E38-89A501EBC0B5}"
EndProject
Project("{FAE04EC0-301F-11D3-BF4B-00C04F79EFBC}") = "Mediator", "src\Shared\Mediator\Mediator.csproj", "{C8A5F290-AD68-400D-8D36-2F16F6A304BA}"
EndProject
Project("{FAE04EC0-301F-11D3-BF4B-00C04F79EFBC}") = "Utilities", "src\Shared\Utilities\Utilities.csproj", "{5FD80731-0C78-4214-AD21-2F3E68F2C408}"
EndProject
Project("{FAE04EC0-301F-11D3-BF4B-00C04F79EFBC}") = "Perf.SourceGeneration.Internal", "src\Shared\Perf.SourceGeneration.Internal\Perf.SourceGeneration.Internal.csproj", "{541BA462-12BD-45F9-B680-6C6E44DCE76A}"
EndProject
Project("{2150E333-8FDC-42A3-9474-1A3956D46DE8}") = "tests", "tests", "{A5F5E542-0A16-4C5C-B33C-8E0DE17AA3B8}"
EndProject
Project("{FAE04EC0-301F-11D3-BF4B-00C04F79EFBC}") = "PerfXml.Tests", "tests\PerfXml.Tests\PerfXml.Tests.csproj", "{7337D2B5-96FC-486C-850A-3AF2E8F202E8}"
EndProject
Project("{FAE04EC0-301F-11D3-BF4B-00C04F79EFBC}") = "GeneratorTester", "tests\GeneratorTester\GeneratorTester.csproj", "{8EFF0D65-662B-41B8-8340-2C36EA07ECEE}"
EndProject
Project("{2150E333-8FDC-42A3-9474-1A3956D46DE8}") = "Holders", "Holders", "{9D428B43-32F2-4C4D-9330-F3B096485028}"
EndProject
Project("{FAE04EC0-301F-11D3-BF4B-00C04F79EFBC}") = "PerfHolders", "src\Holders\PerfHolders\PerfHolders.csproj", "{E90C95B6-82E6-4095-9B37-A6343CD4E3E2}"
EndProject
Project("{FAE04EC0-301F-11D3-BF4B-00C04F79EFBC}") = "PerfHolders.SourceGenerator", "src\Holders\PerfHolders.SourceGenerator\PerfHolders.SourceGenerator.csproj", "{2668F2E2-A437-4442-B916-255B64458383}"
EndProject
Project("{FAE04EC0-301F-11D3-BF4B-00C04F79EFBC}") = "PerfHolders.Serialization.MessagePack", "src\Holders\PerfHolders.Serialization.MessagePack\PerfHolders.Serialization.MessagePack.csproj", "{BA2879C1-D109-4162-98C9-EA6148D4C1F3}"
EndProject
Project("{FAE04EC0-301F-11D3-BF4B-00C04F79EFBC}") = "PerfHolders.Serialization.SystemTextJson", "src\Holders\PerfHolders.Serialization.SystemTextJson\PerfHolders.Serialization.SystemTextJson.csproj", "{B27B386C-8FED-4888-A570-BBBECF0FD84A}"
EndProject
Global
	GlobalSection(SolutionConfigurationPlatforms) = preSolution
		Debug|Any CPU = Debug|Any CPU
		Release|Any CPU = Release|Any CPU
	EndGlobalSection
	GlobalSection(NestedProjects) = preSolution
		{F30F6269-7029-473C-BF71-2A77CFC46C8C} = {7F85CEC3-3F2D-4B8D-B4F0-3506CF533024}
		{5DFE9850-6112-460A-8D7B-6CAF2A478FA0} = {7F85CEC3-3F2D-4B8D-B4F0-3506CF533024}
		{516175A8-D959-4438-9787-01611127C4C4} = {5DFE9850-6112-460A-8D7B-6CAF2A478FA0}
		{081FEC3C-ABBE-4291-89DA-7A92751C9BA2} = {5DFE9850-6112-460A-8D7B-6CAF2A478FA0}
		{234C7ED9-D91C-49E7-9C25-5081585C7DA1} = {5DFE9850-6112-460A-8D7B-6CAF2A478FA0}
		{4B675B5C-7C6F-4592-9403-614A4AD88B64} = {F30F6269-7029-473C-BF71-2A77CFC46C8C}
		{483B296B-AD98-4572-99EC-F077B795A1BB} = {F30F6269-7029-473C-BF71-2A77CFC46C8C}
		{AE8AE9FC-CD54-4660-A4AF-2CE70A5C4A0A} = {7F85CEC3-3F2D-4B8D-B4F0-3506CF533024}
		{2A260FE2-723B-4737-9E38-89A501EBC0B5} = {AE8AE9FC-CD54-4660-A4AF-2CE70A5C4A0A}
		{C8A5F290-AD68-400D-8D36-2F16F6A304BA} = {AE8AE9FC-CD54-4660-A4AF-2CE70A5C4A0A}
		{5FD80731-0C78-4214-AD21-2F3E68F2C408} = {AE8AE9FC-CD54-4660-A4AF-2CE70A5C4A0A}
		{541BA462-12BD-45F9-B680-6C6E44DCE76A} = {AE8AE9FC-CD54-4660-A4AF-2CE70A5C4A0A}
		{7337D2B5-96FC-486C-850A-3AF2E8F202E8} = {A5F5E542-0A16-4C5C-B33C-8E0DE17AA3B8}
		{8EFF0D65-662B-41B8-8340-2C36EA07ECEE} = {A5F5E542-0A16-4C5C-B33C-8E0DE17AA3B8}
		{9D428B43-32F2-4C4D-9330-F3B096485028} = {7F85CEC3-3F2D-4B8D-B4F0-3506CF533024}
		{E90C95B6-82E6-4095-9B37-A6343CD4E3E2} = {9D428B43-32F2-4C4D-9330-F3B096485028}
		{2668F2E2-A437-4442-B916-255B64458383} = {9D428B43-32F2-4C4D-9330-F3B096485028}
		{BA2879C1-D109-4162-98C9-EA6148D4C1F3} = {9D428B43-32F2-4C4D-9330-F3B096485028}
		{B27B386C-8FED-4888-A570-BBBECF0FD84A} = {9D428B43-32F2-4C4D-9330-F3B096485028}
	EndGlobalSection
	GlobalSection(ProjectConfigurationPlatforms) = postSolution
		{516175A8-D959-4438-9787-01611127C4C4}.Debug|Any CPU.ActiveCfg = Debug|Any CPU
		{516175A8-D959-4438-9787-01611127C4C4}.Debug|Any CPU.Build.0 = Debug|Any CPU
		{516175A8-D959-4438-9787-01611127C4C4}.Release|Any CPU.ActiveCfg = Release|Any CPU
		{516175A8-D959-4438-9787-01611127C4C4}.Release|Any CPU.Build.0 = Release|Any CPU
		{081FEC3C-ABBE-4291-89DA-7A92751C9BA2}.Debug|Any CPU.ActiveCfg = Debug|Any CPU
		{081FEC3C-ABBE-4291-89DA-7A92751C9BA2}.Debug|Any CPU.Build.0 = Debug|Any CPU
		{081FEC3C-ABBE-4291-89DA-7A92751C9BA2}.Release|Any CPU.ActiveCfg = Release|Any CPU
		{081FEC3C-ABBE-4291-89DA-7A92751C9BA2}.Release|Any CPU.Build.0 = Release|Any CPU
		{234C7ED9-D91C-49E7-9C25-5081585C7DA1}.Debug|Any CPU.ActiveCfg = Debug|Any CPU
		{234C7ED9-D91C-49E7-9C25-5081585C7DA1}.Debug|Any CPU.Build.0 = Debug|Any CPU
		{234C7ED9-D91C-49E7-9C25-5081585C7DA1}.Release|Any CPU.ActiveCfg = Release|Any CPU
		{234C7ED9-D91C-49E7-9C25-5081585C7DA1}.Release|Any CPU.Build.0 = Release|Any CPU
		{4B675B5C-7C6F-4592-9403-614A4AD88B64}.Debug|Any CPU.ActiveCfg = Debug|Any CPU
		{4B675B5C-7C6F-4592-9403-614A4AD88B64}.Debug|Any CPU.Build.0 = Debug|Any CPU
		{4B675B5C-7C6F-4592-9403-614A4AD88B64}.Release|Any CPU.ActiveCfg = Release|Any CPU
		{4B675B5C-7C6F-4592-9403-614A4AD88B64}.Release|Any CPU.Build.0 = Release|Any CPU
		{483B296B-AD98-4572-99EC-F077B795A1BB}.Debug|Any CPU.ActiveCfg = Debug|Any CPU
		{483B296B-AD98-4572-99EC-F077B795A1BB}.Debug|Any CPU.Build.0 = Debug|Any CPU
		{483B296B-AD98-4572-99EC-F077B795A1BB}.Release|Any CPU.ActiveCfg = Release|Any CPU
		{483B296B-AD98-4572-99EC-F077B795A1BB}.Release|Any CPU.Build.0 = Release|Any CPU
		{2A260FE2-723B-4737-9E38-89A501EBC0B5}.Debug|Any CPU.ActiveCfg = Debug|Any CPU
		{2A260FE2-723B-4737-9E38-89A501EBC0B5}.Debug|Any CPU.Build.0 = Debug|Any CPU
		{2A260FE2-723B-4737-9E38-89A501EBC0B5}.Release|Any CPU.ActiveCfg = Release|Any CPU
		{2A260FE2-723B-4737-9E38-89A501EBC0B5}.Release|Any CPU.Build.0 = Release|Any CPU
		{C8A5F290-AD68-400D-8D36-2F16F6A304BA}.Debug|Any CPU.ActiveCfg = Debug|Any CPU
		{C8A5F290-AD68-400D-8D36-2F16F6A304BA}.Debug|Any CPU.Build.0 = Debug|Any CPU
		{C8A5F290-AD68-400D-8D36-2F16F6A304BA}.Release|Any CPU.ActiveCfg = Release|Any CPU
		{C8A5F290-AD68-400D-8D36-2F16F6A304BA}.Release|Any CPU.Build.0 = Release|Any CPU
		{5FD80731-0C78-4214-AD21-2F3E68F2C408}.Debug|Any CPU.ActiveCfg = Debug|Any CPU
		{5FD80731-0C78-4214-AD21-2F3E68F2C408}.Debug|Any CPU.Build.0 = Debug|Any CPU
		{5FD80731-0C78-4214-AD21-2F3E68F2C408}.Release|Any CPU.ActiveCfg = Release|Any CPU
		{5FD80731-0C78-4214-AD21-2F3E68F2C408}.Release|Any CPU.Build.0 = Release|Any CPU
		{541BA462-12BD-45F9-B680-6C6E44DCE76A}.Debug|Any CPU.ActiveCfg = Debug|Any CPU
		{541BA462-12BD-45F9-B680-6C6E44DCE76A}.Debug|Any CPU.Build.0 = Debug|Any CPU
		{541BA462-12BD-45F9-B680-6C6E44DCE76A}.Release|Any CPU.ActiveCfg = Release|Any CPU
		{541BA462-12BD-45F9-B680-6C6E44DCE76A}.Release|Any CPU.Build.0 = Release|Any CPU
		{7337D2B5-96FC-486C-850A-3AF2E8F202E8}.Debug|Any CPU.ActiveCfg = Debug|Any CPU
		{7337D2B5-96FC-486C-850A-3AF2E8F202E8}.Debug|Any CPU.Build.0 = Debug|Any CPU
		{7337D2B5-96FC-486C-850A-3AF2E8F202E8}.Release|Any CPU.ActiveCfg = Release|Any CPU
		{7337D2B5-96FC-486C-850A-3AF2E8F202E8}.Release|Any CPU.Build.0 = Release|Any CPU
		{8EFF0D65-662B-41B8-8340-2C36EA07ECEE}.Debug|Any CPU.ActiveCfg = Debug|Any CPU
		{8EFF0D65-662B-41B8-8340-2C36EA07ECEE}.Debug|Any CPU.Build.0 = Debug|Any CPU
		{8EFF0D65-662B-41B8-8340-2C36EA07ECEE}.Release|Any CPU.ActiveCfg = Release|Any CPU
		{8EFF0D65-662B-41B8-8340-2C36EA07ECEE}.Release|Any CPU.Build.0 = Release|Any CPU
		{E90C95B6-82E6-4095-9B37-A6343CD4E3E2}.Debug|Any CPU.ActiveCfg = Debug|Any CPU
		{E90C95B6-82E6-4095-9B37-A6343CD4E3E2}.Debug|Any CPU.Build.0 = Debug|Any CPU
		{E90C95B6-82E6-4095-9B37-A6343CD4E3E2}.Release|Any CPU.ActiveCfg = Release|Any CPU
		{E90C95B6-82E6-4095-9B37-A6343CD4E3E2}.Release|Any CPU.Build.0 = Release|Any CPU
		{2668F2E2-A437-4442-B916-255B64458383}.Debug|Any CPU.ActiveCfg = Debug|Any CPU
		{2668F2E2-A437-4442-B916-255B64458383}.Debug|Any CPU.Build.0 = Debug|Any CPU
		{2668F2E2-A437-4442-B916-255B64458383}.Release|Any CPU.ActiveCfg = Release|Any CPU
		{2668F2E2-A437-4442-B916-255B64458383}.Release|Any CPU.Build.0 = Release|Any CPU
		{BA2879C1-D109-4162-98C9-EA6148D4C1F3}.Debug|Any CPU.ActiveCfg = Debug|Any CPU
		{BA2879C1-D109-4162-98C9-EA6148D4C1F3}.Debug|Any CPU.Build.0 = Debug|Any CPU
		{BA2879C1-D109-4162-98C9-EA6148D4C1F3}.Release|Any CPU.ActiveCfg = Release|Any CPU
		{BA2879C1-D109-4162-98C9-EA6148D4C1F3}.Release|Any CPU.Build.0 = Release|Any CPU
		{B27B386C-8FED-4888-A570-BBBECF0FD84A}.Debug|Any CPU.ActiveCfg = Debug|Any CPU
		{B27B386C-8FED-4888-A570-BBBECF0FD84A}.Debug|Any CPU.Build.0 = Debug|Any CPU
		{B27B386C-8FED-4888-A570-BBBECF0FD84A}.Release|Any CPU.ActiveCfg = Release|Any CPU
		{B27B386C-8FED-4888-A570-BBBECF0FD84A}.Release|Any CPU.Build.0 = Release|Any CPU
	EndGlobalSection
EndGlobal
