
Microsoft Visual Studio Solution File, Format Version 12.00
Project("{2150E333-8FDC-42A3-9474-1A3956D46DE8}") = "src", "src", "{7F85CEC3-3F2D-4B8D-B4F0-3506CF533024}"
EndProject
Project("{2150E333-8FDC-42A3-9474-1A3956D46DE8}") = "_globals", "_globals", "{2A1E6F4A-47BA-4B99-B6EB-D34C30B75DDF}"
EndProject
Project("{2150E333-8FDC-42A3-9474-1A3956D46DE8}") = "Xml", "Xml", "{F30F6269-7029-473C-BF71-2A77CFC46C8C}"
EndProject
Project("{2150E333-8FDC-42A3-9474-1A3956D46DE8}") = "ValueObjects", "ValueObjects", "{5DFE9850-6112-460A-8D7B-6CAF2A478FA0}"
EndProject
Project("{FAE04EC0-301F-11D3-BF4B-00C04F79EFBC}") = "ValueObjects", "src\ValueObjects\ValueObjects\ValueObjects.csproj", "{516175A8-D959-4438-9787-01611127C4C4}"
EndProject
Project("{FAE04EC0-301F-11D3-BF4B-00C04F79EFBC}") = "Generator", "src\ValueObjects\Generator\Generator.csproj", "{081FEC3C-ABBE-4291-89DA-7A92751C9BA2}"
EndProject
Project("{FAE04EC0-301F-11D3-BF4B-00C04F79EFBC}") = "ValueObjects.SystemTextJson", "src\ValueObjects\ValueObjects.SystemTextJson\ValueObjects.SystemTextJson.csproj", "{234C7ED9-D91C-49E7-9C25-5081585C7DA1}"
EndProject
Project("{FAE04EC0-301F-11D3-BF4B-00C04F79EFBC}") = "PerfXml", "src\Xml\PerfXml\PerfXml.csproj", "{4B675B5C-7C6F-4592-9403-614A4AD88B64}"
EndProject
Project("{FAE04EC0-301F-11D3-BF4B-00C04F79EFBC}") = "PerfXml.Net6", "src\Xml\PerfXml.Net6\PerfXml.Net6.csproj", "{13D57801-2FB9-4A0F-A0B9-B0B264DFF006}"
EndProject
Project("{FAE04EC0-301F-11D3-BF4B-00C04F79EFBC}") = "PerfXml.Generator", "src\Xml\PerfXml.Generator\PerfXml.Generator.csproj", "{483B296B-AD98-4572-99EC-F077B795A1BB}"
EndProject
Global
	GlobalSection(SolutionConfigurationPlatforms) = preSolution
		Debug|Any CPU = Debug|Any CPU
		Release|Any CPU = Release|Any CPU
	EndGlobalSection
	GlobalSection(NestedProjects) = preSolution
		{F30F6269-7029-473C-BF71-2A77CFC46C8C} = {7F85CEC3-3F2D-4B8D-B4F0-3506CF533024}
		{5DFE9850-6112-460A-8D7B-6CAF2A478FA0} = {7F85CEC3-3F2D-4B8D-B4F0-3506CF533024}
		{516175A8-D959-4438-9787-01611127C4C4} = {5DFE9850-6112-460A-8D7B-6CAF2A478FA0}
		{081FEC3C-ABBE-4291-89DA-7A92751C9BA2} = {5DFE9850-6112-460A-8D7B-6CAF2A478FA0}
		{234C7ED9-D91C-49E7-9C25-5081585C7DA1} = {5DFE9850-6112-460A-8D7B-6CAF2A478FA0}
		{4B675B5C-7C6F-4592-9403-614A4AD88B64} = {F30F6269-7029-473C-BF71-2A77CFC46C8C}
		{13D57801-2FB9-4A0F-A0B9-B0B264DFF006} = {F30F6269-7029-473C-BF71-2A77CFC46C8C}
		{483B296B-AD98-4572-99EC-F077B795A1BB} = {F30F6269-7029-473C-BF71-2A77CFC46C8C}
	EndGlobalSection
	GlobalSection(ProjectConfigurationPlatforms) = postSolution
		{516175A8-D959-4438-9787-01611127C4C4}.Debug|Any CPU.ActiveCfg = Debug|Any CPU
		{516175A8-D959-4438-9787-01611127C4C4}.Debug|Any CPU.Build.0 = Debug|Any CPU
		{516175A8-D959-4438-9787-01611127C4C4}.Release|Any CPU.ActiveCfg = Release|Any CPU
		{516175A8-D959-4438-9787-01611127C4C4}.Release|Any CPU.Build.0 = Release|Any CPU
		{081FEC3C-ABBE-4291-89DA-7A92751C9BA2}.Debug|Any CPU.ActiveCfg = Debug|Any CPU
		{081FEC3C-ABBE-4291-89DA-7A92751C9BA2}.Debug|Any CPU.Build.0 = Debug|Any CPU
		{081FEC3C-ABBE-4291-89DA-7A92751C9BA2}.Release|Any CPU.ActiveCfg = Release|Any CPU
		{081FEC3C-ABBE-4291-89DA-7A92751C9BA2}.Release|Any CPU.Build.0 = Release|Any CPU
		{234C7ED9-D91C-49E7-9C25-5081585C7DA1}.Debug|Any CPU.ActiveCfg = Debug|Any CPU
		{234C7ED9-D91C-49E7-9C25-5081585C7DA1}.Debug|Any CPU.Build.0 = Debug|Any CPU
		{234C7ED9-D91C-49E7-9C25-5081585C7DA1}.Release|Any CPU.ActiveCfg = Release|Any CPU
		{234C7ED9-D91C-49E7-9C25-5081585C7DA1}.Release|Any CPU.Build.0 = Release|Any CPU
		{4B675B5C-7C6F-4592-9403-614A4AD88B64}.Debug|Any CPU.ActiveCfg = Debug|Any CPU
		{4B675B5C-7C6F-4592-9403-614A4AD88B64}.Debug|Any CPU.Build.0 = Debug|Any CPU
		{4B675B5C-7C6F-4592-9403-614A4AD88B64}.Release|Any CPU.ActiveCfg = Release|Any CPU
		{4B675B5C-7C6F-4592-9403-614A4AD88B64}.Release|Any CPU.Build.0 = Release|Any CPU
		{13D57801-2FB9-4A0F-A0B9-B0B264DFF006}.Debug|Any CPU.ActiveCfg = Debug|Any CPU
		{13D57801-2FB9-4A0F-A0B9-B0B264DFF006}.Debug|Any CPU.Build.0 = Debug|Any CPU
		{13D57801-2FB9-4A0F-A0B9-B0B264DFF006}.Release|Any CPU.ActiveCfg = Release|Any CPU
		{13D57801-2FB9-4A0F-A0B9-B0B264DFF006}.Release|Any CPU.Build.0 = Release|Any CPU
		{483B296B-AD98-4572-99EC-F077B795A1BB}.Debug|Any CPU.ActiveCfg = Debug|Any CPU
		{483B296B-AD98-4572-99EC-F077B795A1BB}.Debug|Any CPU.Build.0 = Debug|Any CPU
		{483B296B-AD98-4572-99EC-F077B795A1BB}.Release|Any CPU.ActiveCfg = Release|Any CPU
		{483B296B-AD98-4572-99EC-F077B795A1BB}.Release|Any CPU.Build.0 = Release|Any CPU
	EndGlobalSection
EndGlobal
